
Microsoft Visual Studio Solution File, Format Version 12.00
# Visual Studio Version 16
VisualStudioVersion = 16.0.30413.136
MinimumVisualStudioVersion = 10.0.40219.1
Project("{FAE04EC0-301F-11D3-BF4B-00C04F79EFBC}") = "CapaVista", "CapaVista\CapaVista.csproj", "{36BCBFFA-484C-4965-B531-6CB4478E843C}"
EndProject
Project("{FAE04EC0-301F-11D3-BF4B-00C04F79EFBC}") = "CapaControlador", "CapaControlador\CapaControlador.csproj", "{3B7C9360-AF8E-4186-B4CA-760D83328AF0}"
EndProject
Project("{FAE04EC0-301F-11D3-BF4B-00C04F79EFBC}") = "CapaModelo", "CapaModelo\CapaModelo.csproj", "{44A58394-BAB7-4095-AC87-157B82F182FA}"
EndProject
Global
	GlobalSection(SolutionConfigurationPlatforms) = preSolution
		Debug|Any CPU = Debug|Any CPU
		Release|Any CPU = Release|Any CPU
	EndGlobalSection
	GlobalSection(ProjectConfigurationPlatforms) = postSolution
		{36BCBFFA-484C-4965-B531-6CB4478E843C}.Debug|Any CPU.ActiveCfg = Debug|Any CPU
		{36BCBFFA-484C-4965-B531-6CB4478E843C}.Debug|Any CPU.Build.0 = Debug|Any CPU
		{36BCBFFA-484C-4965-B531-6CB4478E843C}.Release|Any CPU.ActiveCfg = Release|Any CPU
		{36BCBFFA-484C-4965-B531-6CB4478E843C}.Release|Any CPU.Build.0 = Release|Any CPU
		{3B7C9360-AF8E-4186-B4CA-760D83328AF0}.Debug|Any CPU.ActiveCfg = Debug|Any CPU
		{3B7C9360-AF8E-4186-B4CA-760D83328AF0}.Debug|Any CPU.Build.0 = Debug|Any CPU
		{3B7C9360-AF8E-4186-B4CA-760D83328AF0}.Release|Any CPU.ActiveCfg = Release|Any CPU
		{3B7C9360-AF8E-4186-B4CA-760D83328AF0}.Release|Any CPU.Build.0 = Release|Any CPU
		{44A58394-BAB7-4095-AC87-157B82F182FA}.Debug|Any CPU.ActiveCfg = Debug|Any CPU
		{44A58394-BAB7-4095-AC87-157B82F182FA}.Debug|Any CPU.Build.0 = Debug|Any CPU
		{44A58394-BAB7-4095-AC87-157B82F182FA}.Release|Any CPU.ActiveCfg = Release|Any CPU
		{44A58394-BAB7-4095-AC87-157B82F182FA}.Release|Any CPU.Build.0 = Release|Any CPU
	EndGlobalSection
	GlobalSection(SolutionProperties) = preSolution
		HideSolutionNode = FALSE
	EndGlobalSection
	GlobalSection(ExtensibilityGlobals) = postSolution
		SolutionGuid = {529E3C75-778D-4A51-A58D-96C985EBD78D}
	EndGlobalSection
EndGlobal
